
Microsoft Visual Studio Solution File, Format Version 12.00
# Visual Studio Version 16
VisualStudioVersion = 16.0.33214.272
MinimumVisualStudioVersion = 10.0.40219.1
Project("{9A19103F-16F7-4668-BE54-9A1E7A4F7556}") = "Mission4Practice", "MIssion4Practice\Mission4Practice.csproj", "{1779E6DA-16B2-4278-B861-D840C973A903}"
EndProject
Global
	GlobalSection(SolutionConfigurationPlatforms) = preSolution
		Debug|Any CPU = Debug|Any CPU
		Release|Any CPU = Release|Any CPU
	EndGlobalSection
	GlobalSection(ProjectConfigurationPlatforms) = postSolution
		{1779E6DA-16B2-4278-B861-D840C973A903}.Debug|Any CPU.ActiveCfg = Debug|Any CPU
		{1779E6DA-16B2-4278-B861-D840C973A903}.Debug|Any CPU.Build.0 = Debug|Any CPU
		{1779E6DA-16B2-4278-B861-D840C973A903}.Release|Any CPU.ActiveCfg = Release|Any CPU
		{1779E6DA-16B2-4278-B861-D840C973A903}.Release|Any CPU.Build.0 = Release|Any CPU
	EndGlobalSection
	GlobalSection(SolutionProperties) = preSolution
		HideSolutionNode = FALSE
	EndGlobalSection
	GlobalSection(ExtensibilityGlobals) = postSolution
		SolutionGuid = {58B28D2F-9AC7-426A-A54C-CC9C8F9D99C3}
	EndGlobalSection
EndGlobal
